NeoBundleLock jellybeans.vim f931895c20681684278aef2ffd810730b9c36ec3
NeoBundleLock lightline.vim f7a34139af648950e39a1adbe32858a8cbed72c5
NeoBundleLock molokai db8ce13b3737d3ddea8368498183d7c204a762eb
NeoBundleLock neobundle.vim 9a69b56f24f31cc4e4592f44f03d2fdb8dea92b3
NeoBundleLock neocomplete 771274c2f04060fab1fc793f6e02cfe3bd3a6732
NeoBundleLock nerdtree a87b1bf3c566c3f80090996a2a2a1201318478a8
NeoBundleLock solarized.vim 9ab3b5e76b89f9a1baf2ff256265343002295218
NeoBundleLock syntastic a596ef38bdfe87044b741b476bc06228cf9e8ee4
NeoBundleLock unite-colorscheme 3aa33866a183f7659594a3f6b66b2334eaebc6a0
NeoBundleLock unite.vim 6bf2f533a5c864ac40f4aeb52c0977c16275ceee
NeoBundleLock vim-hier 0b8c365263551a67404ebd7e528c55e17c1d3de7
NeoBundleLock vim-hybrid 7d530218dbcc5b5a9d473bcd2dbd2a85e7be99fd
NeoBundleLock vim-indent-guides 184e55848de2304cabc5c03d2afe9b8fd098c58c
NeoBundleLock vim-nerdtree-tabs 0decec122e9bb3e9328b01fa20a9650e79cc6ca7
NeoBundleLock vim-quickrun b40cdc36c3600fd096323d3e08c3bbd5d55ec8a8
NeoBundleLock vim-template 24687c1a59cb2828be4aec21ec75103d22a1c71e
NeoBundleLock vimproc ba4a7139fc8d0247badf0617f11ae1f06a7a6910
